
Microsoft Visual Studio Solution File, Format Version 12.00
# Visual Studio Version 16
VisualStudioVersion = 16.0.30717.126
MinimumVisualStudioVersion = 10.0.40219.1
Project("{9A19103F-16F7-4668-BE54-9A1E7A4F7556}") = "Tim.AutoGit", "Tim.AutoGit\Tim.AutoGit.csproj", "{91EB22D1-530E-4312-B7AF-B0F92E1FEDC0}"
EndProject
Project("{9A19103F-16F7-4668-BE54-9A1E7A4F7556}") = "CMDRunner", "CMDRunner\CMDRunner.csproj", "{A64C7116-8D19-4284-BF71-83C682145E05}"
EndProject
Project("{9A19103F-16F7-4668-BE54-9A1E7A4F7556}") = "GIT_Worker", "GIT_Worker\GIT_Worker.csproj", "{BE3D8AAB-72AA-414F-AE10-640C3BC766C9}"
EndProject
Project("{2150E333-8FDC-42A3-9474-1A3956D46DE8}") = "Core", "Core", "{1A1D27BA-E849-4A15-AB75-BE6AFF1733F9}"
EndProject
Project("{2150E333-8FDC-42A3-9474-1A3956D46DE8}") = "Test", "Test", "{A747A55A-7B18-4E07-9CAF-0067D6759E9C}"
EndProject
Project("{FAE04EC0-301F-11D3-BF4B-00C04F79EFBC}") = "AutoGit.Test", "AutoGit.Test\AutoGit.Test.csproj", "{4695D882-9E6D-4C2B-A3D1-B300DBBF5FE3}"
EndProject
Global
	GlobalSection(SolutionConfigurationPlatforms) = preSolution
		Debug|Any CPU = Debug|Any CPU
		Release|Any CPU = Release|Any CPU
	EndGlobalSection
	GlobalSection(ProjectConfigurationPlatforms) = postSolution
		{91EB22D1-530E-4312-B7AF-B0F92E1FEDC0}.Debug|Any CPU.ActiveCfg = Debug|Any CPU
		{91EB22D1-530E-4312-B7AF-B0F92E1FEDC0}.Debug|Any CPU.Build.0 = Debug|Any CPU
		{91EB22D1-530E-4312-B7AF-B0F92E1FEDC0}.Release|Any CPU.ActiveCfg = Release|Any CPU
		{91EB22D1-530E-4312-B7AF-B0F92E1FEDC0}.Release|Any CPU.Build.0 = Release|Any CPU
		{A64C7116-8D19-4284-BF71-83C682145E05}.Debug|Any CPU.ActiveCfg = Debug|Any CPU
		{A64C7116-8D19-4284-BF71-83C682145E05}.Debug|Any CPU.Build.0 = Debug|Any CPU
		{A64C7116-8D19-4284-BF71-83C682145E05}.Release|Any CPU.ActiveCfg = Release|Any CPU
		{A64C7116-8D19-4284-BF71-83C682145E05}.Release|Any CPU.Build.0 = Release|Any CPU
		{BE3D8AAB-72AA-414F-AE10-640C3BC766C9}.Debug|Any CPU.ActiveCfg = Debug|Any CPU
		{BE3D8AAB-72AA-414F-AE10-640C3BC766C9}.Debug|Any CPU.Build.0 = Debug|Any CPU
		{BE3D8AAB-72AA-414F-AE10-640C3BC766C9}.Release|Any CPU.ActiveCfg = Release|Any CPU
		{BE3D8AAB-72AA-414F-AE10-640C3BC766C9}.Release|Any CPU.Build.0 = Release|Any CPU
		{4695D882-9E6D-4C2B-A3D1-B300DBBF5FE3}.Debug|Any CPU.ActiveCfg = Debug|Any CPU
		{4695D882-9E6D-4C2B-A3D1-B300DBBF5FE3}.Debug|Any CPU.Build.0 = Debug|Any CPU
		{4695D882-9E6D-4C2B-A3D1-B300DBBF5FE3}.Release|Any CPU.ActiveCfg = Release|Any CPU
		{4695D882-9E6D-4C2B-A3D1-B300DBBF5FE3}.Release|Any CPU.Build.0 = Release|Any CPU
	EndGlobalSection
	GlobalSection(SolutionProperties) = preSolution
		HideSolutionNode = FALSE
	EndGlobalSection
	GlobalSection(NestedProjects) = preSolution
		{91EB22D1-530E-4312-B7AF-B0F92E1FEDC0} = {1A1D27BA-E849-4A15-AB75-BE6AFF1733F9}
		{A64C7116-8D19-4284-BF71-83C682145E05} = {1A1D27BA-E849-4A15-AB75-BE6AFF1733F9}
		{BE3D8AAB-72AA-414F-AE10-640C3BC766C9} = {1A1D27BA-E849-4A15-AB75-BE6AFF1733F9}
		{4695D882-9E6D-4C2B-A3D1-B300DBBF5FE3} = {A747A55A-7B18-4E07-9CAF-0067D6759E9C}
	EndGlobalSection
	GlobalSection(ExtensibilityGlobals) = postSolution
		SolutionGuid = {9C44CFCD-16F5-4F11-88D5-172AFD9F2EB1}
	EndGlobalSection
EndGlobal
